
Microsoft Visual Studio Solution File, Format Version 12.00
# Visual Studio 15
VisualStudioVersion = 15.0.27130.2024
MinimumVisualStudioVersion = 10.0.40219.1
Project("{FAE04EC0-301F-11D3-BF4B-00C04F79EFBC}") = "RentSmart", "RentSmart\RentSmart.csproj", "{EE7A51D2-1AD9-49E1-9D1F-B84C03C81975}"
EndProject
Global
	GlobalSection(SolutionConfigurationPlatforms) = preSolution
		Debug|Any CPU = Debug|Any CPU
		Release|Any CPU = Release|Any CPU
	EndGlobalSection
	GlobalSection(ProjectConfigurationPlatforms) = postSolution
		{EE7A51D2-1AD9-49E1-9D1F-B84C03C81975}.Debug|Any CPU.ActiveCfg = Debug|Any CPU
		{EE7A51D2-1AD9-49E1-9D1F-B84C03C81975}.Debug|Any CPU.Build.0 = Debug|Any CPU
		{EE7A51D2-1AD9-49E1-9D1F-B84C03C81975}.Release|Any CPU.ActiveCfg = Release|Any CPU
		{EE7A51D2-1AD9-49E1-9D1F-B84C03C81975}.Release|Any CPU.Build.0 = Release|Any CPU
	EndGlobalSection
	GlobalSection(SolutionProperties) = preSolution
		HideSolutionNode = FALSE
	EndGlobalSection
	GlobalSection(ExtensibilityGlobals) = postSolution
		SolutionGuid = {3EC1C511-4875-49E7-885D-105B711AF85A}
	EndGlobalSection
EndGlobal
